
Microsoft Visual Studio Solution File, Format Version 12.00
# Visual Studio Version 17
VisualStudioVersion = 17.5.33516.290
MinimumVisualStudioVersion = 10.0.40219.1
Project("{FAE04EC0-301F-11D3-BF4B-00C04F79EFBC}") = "backend", "backend\backend.csproj", "{EF38BAEF-0ACD-4AA1-B4F2-00FB85FA235B}"
EndProject
Global
	GlobalSection(SolutionConfigurationPlatforms) = preSolution
		Debug|Any CPU = Debug|Any CPU
		Release|Any CPU = Release|Any CPU
	EndGlobalSection
	GlobalSection(ProjectConfigurationPlatforms) = postSolution
		{EF38BAEF-0ACD-4AA1-B4F2-00FB85FA235B}.Debug|Any CPU.ActiveCfg = Debug|Any CPU
		{EF38BAEF-0ACD-4AA1-B4F2-00FB85FA235B}.Debug|Any CPU.Build.0 = Debug|Any CPU
		{EF38BAEF-0ACD-4AA1-B4F2-00FB85FA235B}.Release|Any CPU.ActiveCfg = Release|Any CPU
		{EF38BAEF-0ACD-4AA1-B4F2-00FB85FA235B}.Release|Any CPU.Build.0 = Release|Any CPU
	EndGlobalSection
	GlobalSection(SolutionProperties) = preSolution
		HideSolutionNode = FALSE
	EndGlobalSection
	GlobalSection(ExtensibilityGlobals) = postSolution
		SolutionGuid = {ED9C701A-8F14-4387-8860-16206D9F9F59}
	EndGlobalSection
EndGlobal
